
Microsoft Visual Studio Solution File, Format Version 12.00
# Visual Studio Version 16
VisualStudioVersion = 16.0.29326.143
MinimumVisualStudioVersion = 10.0.40219.1
Project("{FAE04EC0-301F-11D3-BF4B-00C04F79EFBC}") = "SalesWebMvc", "SalesWebMvc\SalesWebMvc.csproj", "{0E7F2C76-84F0-4758-9D0D-B3A37BC1808C}"
EndProject
Global
	GlobalSection(SolutionConfigurationPlatforms) = preSolution
		Debug|Any CPU = Debug|Any CPU
		Release|Any CPU = Release|Any CPU
	EndGlobalSection
	GlobalSection(ProjectConfigurationPlatforms) = postSolution
		{0E7F2C76-84F0-4758-9D0D-B3A37BC1808C}.Debug|Any CPU.ActiveCfg = Debug|Any CPU
		{0E7F2C76-84F0-4758-9D0D-B3A37BC1808C}.Debug|Any CPU.Build.0 = Debug|Any CPU
		{0E7F2C76-84F0-4758-9D0D-B3A37BC1808C}.Release|Any CPU.ActiveCfg = Release|Any CPU
		{0E7F2C76-84F0-4758-9D0D-B3A37BC1808C}.Release|Any CPU.Build.0 = Release|Any CPU
	EndGlobalSection
	GlobalSection(SolutionProperties) = preSolution
		HideSolutionNode = FALSE
	EndGlobalSection
	GlobalSection(ExtensibilityGlobals) = postSolution
		SolutionGuid = {769DABCC-6496-4E72-81BE-A0735CE0D2C6}
	EndGlobalSection
EndGlobal
